
Microsoft Visual Studio Solution File, Format Version 12.00
# Visual Studio Version 16
VisualStudioVersion = 16.0.29806.167
MinimumVisualStudioVersion = 10.0.40219.1
Project("{9A19103F-16F7-4668-BE54-9A1E7A4F7556}") = "Tests", "Tests\Tests.csproj", "{A2EEB525-8600-41A0-88E9-48BCF6F04D9F}"
EndProject
Project("{9A19103F-16F7-4668-BE54-9A1E7A4F7556}") = "UI.Core", "Core.WebDriver\UI.Core.csproj", "{9A3FBFDA-CF23-4BA5-973C-73DC47055517}"
EndProject
Project("{9A19103F-16F7-4668-BE54-9A1E7A4F7556}") = "UI.PageObjects", "UI.PageObjects\UI.PageObjects.csproj", "{683D854B-9397-429E-86B6-D838315136E4}"
EndProject
Project("{9A19103F-16F7-4668-BE54-9A1E7A4F7556}") = "UI.Steps", "UI.Steps\UI.Steps.csproj", "{738EF8BB-C64E-44ED-8FCB-53D6842E74FC}"
EndProject
Project("{2150E333-8FDC-42A3-9474-1A3956D46DE8}") = "Solution Items", "Solution Items", "{79F96DE0-F401-437E-9D75-76AF7491F08C}"
	ProjectSection(SolutionItems) = preProject
		.editorconfig = .editorconfig
		.runsettings = .runsettings
	EndProjectSection
EndProject
Global
	GlobalSection(SolutionConfigurationPlatforms) = preSolution
		Debug|Any CPU = Debug|Any CPU
		Release|Any CPU = Release|Any CPU
	EndGlobalSection
	GlobalSection(ProjectConfigurationPlatforms) = postSolution
		{A2EEB525-8600-41A0-88E9-48BCF6F04D9F}.Debug|Any CPU.ActiveCfg = Debug|Any CPU
		{A2EEB525-8600-41A0-88E9-48BCF6F04D9F}.Debug|Any CPU.Build.0 = Debug|Any CPU
		{A2EEB525-8600-41A0-88E9-48BCF6F04D9F}.Release|Any CPU.ActiveCfg = Release|Any CPU
		{A2EEB525-8600-41A0-88E9-48BCF6F04D9F}.Release|Any CPU.Build.0 = Release|Any CPU
		{9A3FBFDA-CF23-4BA5-973C-73DC47055517}.Debug|Any CPU.ActiveCfg = Debug|Any CPU
		{9A3FBFDA-CF23-4BA5-973C-73DC47055517}.Debug|Any CPU.Build.0 = Debug|Any CPU
		{9A3FBFDA-CF23-4BA5-973C-73DC47055517}.Release|Any CPU.ActiveCfg = Release|Any CPU
		{9A3FBFDA-CF23-4BA5-973C-73DC47055517}.Release|Any CPU.Build.0 = Release|Any CPU
		{683D854B-9397-429E-86B6-D838315136E4}.Debug|Any CPU.ActiveCfg = Debug|Any CPU
		{683D854B-9397-429E-86B6-D838315136E4}.Debug|Any CPU.Build.0 = Debug|Any CPU
		{683D854B-9397-429E-86B6-D838315136E4}.Release|Any CPU.ActiveCfg = Release|Any CPU
		{683D854B-9397-429E-86B6-D838315136E4}.Release|Any CPU.Build.0 = Release|Any CPU
		{738EF8BB-C64E-44ED-8FCB-53D6842E74FC}.Debug|Any CPU.ActiveCfg = Debug|Any CPU
		{738EF8BB-C64E-44ED-8FCB-53D6842E74FC}.Debug|Any CPU.Build.0 = Debug|Any CPU
		{738EF8BB-C64E-44ED-8FCB-53D6842E74FC}.Release|Any CPU.ActiveCfg = Release|Any CPU
		{738EF8BB-C64E-44ED-8FCB-53D6842E74FC}.Release|Any CPU.Build.0 = Release|Any CPU
	EndGlobalSection
	GlobalSection(SolutionProperties) = preSolution
		HideSolutionNode = FALSE
	EndGlobalSection
	GlobalSection(ExtensibilityGlobals) = postSolution
		SolutionGuid = {0C4D152A-24F4-45E2-AA8A-04C2203FB519}
	EndGlobalSection
EndGlobal
